// !$*UTF8*$!
{
	archiveVersion = 1;
	classes = {
	};
	objectVersion = 56;
	objects = {

/* Begin PBXBuildFile section */
		B56921AC2B7BEBA800298A4C /* KelloggLibraryApp.swift in Sources */ = {isa = PBXBuildFile; fileRef = B56921AB2B7BEBA800298A4C /* KelloggLibraryApp.swift */; };
		B56921AE2B7BEBA800298A4C /* ContentView.swift in Sources */ = {isa = PBXBuildFile; fileRef = B56921AD2B7BEBA800298A4C /* ContentView.swift */; };
		B56921B02B7BEBAA00298A4C /* Assets.xcassets in Resources */ = {isa = PBXBuildFile; fileRef = B56921AF2B7BEBAA00298A4C /* Assets.xcassets */; };
		B56921B32B7BEBAA00298A4C /* Preview Assets.xcassets in Resources */ = {isa = PBXBuildFile; fileRef = B56921B22B7BEBAA00298A4C /* Preview Assets.xcassets */; };
		B56921BC2B7BEC2B00298A4C /* UniversityLibrary.swift in Sources */ = {isa = PBXBuildFile; fileRef = B56921BA2B7BEC2B00298A4C /* UniversityLibrary.swift */; };
		B56921BD2B7BEC2B00298A4C /* LibraryData.swift in Sources */ = {isa = PBXBuildFile; fileRef = B56921BB2B7BEC2B00298A4C /* LibraryData.swift */; };
		B56921C72B7BEF2800298A4C /* LibCalService.swift in Sources */ = {isa = PBXBuildFile; fileRef = B56921C12B7BEF2700298A4C /* LibCalService.swift */; };
		B56921C82B7BEF2800298A4C /* AvailabilityResponse.swift in Sources */ = {isa = PBXBuildFile; fileRef = B56921C22B7BEF2700298A4C /* AvailabilityResponse.swift */; };
		B56921C92B7BEF2800298A4C /* AvailableSlot.swift in Sources */ = {isa = PBXBuildFile; fileRef = B56921C32B7BEF2800298A4C /* AvailableSlot.swift */; };
		B56921CA2B7BEF2800298A4C /* LibCalEndpoint.swift in Sources */ = {isa = PBXBuildFile; fileRef = B56921C42B7BEF2800298A4C /* LibCalEndpoint.swift */; };
		B56921CB2B7BEF2800298A4C /* AvailabilitySlot.swift in Sources */ = {isa = PBXBuildFile; fileRef = B56921C52B7BEF2800298A4C /* AvailabilitySlot.swift */; };
		B56921CC2B7BEF2800298A4C /* AvailabilityRequest.swift in Sources */ = {isa = PBXBuildFile; fileRef = B56921C62B7BEF2800298A4C /* AvailabilityRequest.swift */; };
/* End PBXBuildFile section */

/* Begin PBXFileReference section */
		B56921A82B7BEBA800298A4C /* KelloggLibrary.app */ = {isa = PBXFileReference; explicitFileType = wrapper.application; includeInIndex = 0; path = KelloggLibrary.app; sourceTree = BUILT_PRODUCTS_DIR; };
		B56921AB2B7BEBA800298A4C /* KelloggLibraryApp.swift */ = {isa = PBXFileReference; lastKnownFileType = sourcecode.swift; path = KelloggLibraryApp.swift; sourceTree = "<group>"; };
		B56921AD2B7BEBA800298A4C /* ContentView.swift */ = {isa = PBXFileReference; lastKnownFileType = sourcecode.swift; path = ContentView.swift; sourceTree = "<group>"; };
		B56921AF2B7BEBAA00298A4C /* Assets.xcassets */ = {isa = PBXFileReference; lastKnownFileType = folder.assetcatalog; path = Assets.xcassets; sourceTree = "<group>"; };
		B56921B22B7BEBAA00298A4C /* Preview Assets.xcassets */ = {isa = PBXFileReference; lastKnownFileType = folder.assetcatalog; path = "Preview Assets.xcassets"; sourceTree = "<group>"; };
		B56921BA2B7BEC2B00298A4C /* UniversityLibrary.swift */ = {isa = PBXFileReference; fileEncoding = 4; lastKnownFileType = sourcecode.swift; path = UniversityLibrary.swift; sourceTree = "<group>"; };
		B56921BB2B7BEC2B00298A4C /* LibraryData.swift */ = {isa = PBXFileReference; fileEncoding = 4; lastKnownFileType = sourcecode.swift; path = LibraryData.swift; sourceTree = "<group>"; };
		B56921C12B7BEF2700298A4C /* LibCalService.swift */ = {isa = PBXFileReference; fileEncoding = 4; lastKnownFileType = sourcecode.swift; path = LibCalService.swift; sourceTree = "<group>"; };
		B56921C22B7BEF2700298A4C /* AvailabilityResponse.swift */ = {isa = PBXFileReference; fileEncoding = 4; lastKnownFileType = sourcecode.swift; path = AvailabilityResponse.swift; sourceTree = "<group>"; };
		B56921C32B7BEF2800298A4C /* AvailableSlot.swift */ = {isa = PBXFileReference; fileEncoding = 4; lastKnownFileType = sourcecode.swift; path = AvailableSlot.swift; sourceTree = "<group>"; };
		B56921C42B7BEF2800298A4C /* LibCalEndpoint.swift */ = {isa = PBXFileReference; fileEncoding = 4; lastKnownFileType = sourcecode.swift; path = LibCalEndpoint.swift; sourceTree = "<group>"; };
		B56921C52B7BEF2800298A4C /* AvailabilitySlot.swift */ = {isa = PBXFileReference; fileEncoding = 4; lastKnownFileType = sourcecode.swift; path = AvailabilitySlot.swift; sourceTree = "<group>"; };
		B56921C62B7BEF2800298A4C /* AvailabilityRequest.swift */ = {isa = PBXFileReference; fileEncoding = 4; lastKnownFileType = sourcecode.swift; path = AvailabilityRequest.swift; sourceTree = "<group>"; };
/* End PBXFileReference section */

/* Begin PBXFrameworksBuildPhase section */
		B56921A52B7BEBA800298A4C /* Frameworks */ = {
			isa = PBXFrameworksBuildPhase;
			buildActionMask = 2147483647;
			files = (
			);
			runOnlyForDeploymentPostprocessing = 0;
		};
/* End PBXFrameworksBuildPhase section */

/* Begin PBXGroup section */
		B569219F2B7BEBA800298A4C = {
			isa = PBXGroup;
			children = (
				B56921AA2B7BEBA800298A4C /* KelloggLibrary */,
				B56921A92B7BEBA800298A4C /* Products */,
			);
			sourceTree = "<group>";
		};
		B56921A92B7BEBA800298A4C /* Products */ = {
			isa = PBXGroup;
			children = (
				B56921A82B7BEBA800298A4C /* KelloggLibrary.app */,
			);
			name = Products;
			sourceTree = "<group>";
		};
		B56921AA2B7BEBA800298A4C /* KelloggLibrary */ = {
			isa = PBXGroup;
			children = (
				B56921B92B7BEC0800298A4C /* Services */,
				B56921AB2B7BEBA800298A4C /* KelloggLibraryApp.swift */,
				B56921AD2B7BEBA800298A4C /* ContentView.swift */,
				B56921AF2B7BEBAA00298A4C /* Assets.xcassets */,
				B56921B12B7BEBAA00298A4C /* Preview Content */,
			);
			path = KelloggLibrary;
			sourceTree = "<group>";
		};
		B56921B12B7BEBAA00298A4C /* Preview Content */ = {
			isa = PBXGroup;
			children = (
				B56921B22B7BEBAA00298A4C /* Preview Assets.xcassets */,
			);
			path = "Preview Content";
			sourceTree = "<group>";
		};
		B56921B92B7BEC0800298A4C /* Services */ = {
			isa = PBXGroup;
			children = (
				B56921C02B7BEF0F00298A4C /* LibCal */,
				B56921BE2B7BECA100298A4C /* UniversityLibrary */,
			);
			path = Services;
			sourceTree = "<group>";
		};
		B56921BE2B7BECA100298A4C /* UniversityLibrary */ = {
			isa = PBXGroup;
			children = (
				B56921BF2B7BECC200298A4C /* Models */,
				B56921BA2B7BEC2B00298A4C /* UniversityLibrary.swift */,
			);
			path = UniversityLibrary;
			sourceTree = "<group>";
		};
		B56921BF2B7BECC200298A4C /* Models */ = {
			isa = PBXGroup;
			children = (
				B56921BB2B7BEC2B00298A4C /* LibraryData.swift */,
			);
			path = Models;
			sourceTree = "<group>";
		};
		B56921C02B7BEF0F00298A4C /* LibCal */ = {
			isa = PBXGroup;
			children = (
				B56921C62B7BEF2800298A4C /* AvailabilityRequest.swift */,
				B56921C22B7BEF2700298A4C /* AvailabilityResponse.swift */,
				B56921C52B7BEF2800298A4C /* AvailabilitySlot.swift */,
				B56921C32B7BEF2800298A4C /* AvailableSlot.swift */,
				B56921C42B7BEF2800298A4C /* LibCalEndpoint.swift */,
				B56921C12B7BEF2700298A4C /* LibCalService.swift */,
			);
			path = LibCal;
			sourceTree = "<group>";
		};
/* End PBXGroup section */

/* Begin PBXNativeTarget section */
		B56921A72B7BEBA800298A4C /* KelloggLibrary */ = {
			isa = PBXNativeTarget;
			buildConfigurationList = B56921B62B7BEBAA00298A4C /* Build configuration list for PBXNativeTarget "KelloggLibrary" */;
			buildPhases = (
				B56921A42B7BEBA800298A4C /* Sources */,
				B56921A52B7BEBA800298A4C /* Frameworks */,
				B56921A62B7BEBA800298A4C /* Resources */,
			);
			buildRules = (
			);
			dependencies = (
			);
			name = KelloggLibrary;
			productName = KelloggLibrary;
			productReference = B56921A82B7BEBA800298A4C /* KelloggLibrary.app */;
			productType = "com.apple.product-type.application";
		};
/* End PBXNativeTarget section */

/* Begin PBXProject section */
		B56921A02B7BEBA800298A4C /* Project object */ = {
			isa = PBXProject;
			attributes = {
				BuildIndependentTargetsInParallel = 1;
				LastSwiftUpdateCheck = 1520;
				LastUpgradeCheck = 1520;
				TargetAttributes = {
					B56921A72B7BEBA800298A4C = {
						CreatedOnToolsVersion = 15.2;
					};
				};
			};
			buildConfigurationList = B56921A32B7BEBA800298A4C /* Build configuration list for PBXProject "KelloggLibrary" */;
			compatibilityVersion = "Xcode 14.0";
			developmentRegion = en;
			hasScannedForEncodings = 0;
			knownRegions = (
				en,
				Base,
			);
			mainGroup = B569219F2B7BEBA800298A4C;
			productRefGroup = B56921A92B7BEBA800298A4C /* Products */;
			projectDirPath = "";
			projectRoot = "";
			targets = (
				B56921A72B7BEBA800298A4C /* KelloggLibrary */,
			);
		};
/* End PBXProject section */

/* Begin PBXResourcesBuildPhase section */
		B56921A62B7BEBA800298A4C /* Resources */ = {
			isa = PBXResourcesBuildPhase;
			buildActionMask = 2147483647;
			files = (
				B56921B32B7BEBAA00298A4C /* Preview Assets.xcassets in Resources */,
				B56921B02B7BEBAA00298A4C /* Assets.xcassets in Resources */,
			);
			runOnlyForDeploymentPostprocessing = 0;
		};
/* End PBXResourcesBuildPhase section */

/* Begin PBXSourcesBuildPhase section */
		B56921A42B7BEBA800298A4C /* Sources */ = {
			isa = PBXSourcesBuildPhase;
			buildActionMask = 2147483647;
			files = (
				B56921AE2B7BEBA800298A4C /* ContentView.swift in Sources */,
				B56921C82B7BEF2800298A4C /* AvailabilityResponse.swift in Sources */,
				B56921AC2B7BEBA800298A4C /* KelloggLibraryApp.swift in Sources */,
				B56921CB2B7BEF2800298A4C /* AvailabilitySlot.swift in Sources */,
				B56921C72B7BEF2800298A4C /* LibCalService.swift in Sources */,
				B56921BC2B7BEC2B00298A4C /* UniversityLibrary.swift in Sources */,
				B56921BD2B7BEC2B00298A4C /* LibraryData.swift in Sources */,
				B56921C92B7BEF2800298A4C /* AvailableSlot.swift in Sources */,
				B56921CC2B7BEF2800298A4C /* AvailabilityRequest.swift in Sources */,
				B56921CA2B7BEF2800298A4C /* LibCalEndpoint.swift in Sources */,
			);
			runOnlyForDeploymentPostprocessing = 0;
		};
/* End PBXSourcesBuildPhase section */

/* Begin XCBuildConfiguration section */
		B56921B42B7BEBAA00298A4C /* Debug */ = {
			isa = XCBuildConfiguration;
			buildSettings = {
				ALWAYS_SEARCH_USER_PATHS = NO;
				ASSETCATALOG_COMPILER_GENERATE_SWIFT_ASSET_SYMBOL_EXTENSIONS = YES;
				CLANG_ANALYZER_NONNULL = YES;
				CLANG_ANALYZER_NUMBER_OBJECT_CONVERSION = YES_AGGRESSIVE;
				CLANG_CXX_LANGUAGE_STANDARD = "gnu++20";
				CLANG_ENABLE_MODULES = YES;
				CLANG_ENABLE_OBJC_ARC = YES;
				CLANG_ENABLE_OBJC_WEAK = YES;
				CLANG_WARN_BLOCK_CAPTURE_AUTORELEASING = YES;
				CLANG_WARN_BOOL_CONVERSION = YES;
				CLANG_WARN_COMMA = YES;
				CLANG_WARN_CONSTANT_CONVERSION = YES;
				CLANG_WARN_DEPRECATED_OBJC_IMPLEMENTATIONS = YES;
				CLANG_WARN_DIRECT_OBJC_ISA_USAGE = YES_ERROR;
				CLANG_WARN_DOCUMENTATION_COMMENTS = YES;
				CLANG_WARN_EMPTY_BODY = YES;
				CLANG_WARN_ENUM_CONVERSION = YES;
				CLANG_WARN_INFINITE_RECURSION = YES;
				CLANG_WARN_INT_CONVERSION = YES;
				CLANG_WARN_NON_LITERAL_NULL_CONVERSION = YES;
				CLANG_WARN_OBJC_IMPLICIT_RETAIN_SELF = YES;
				CLANG_WARN_OBJC_LITERAL_CONVERSION = YES;
				CLANG_WARN_OBJC_ROOT_CLASS = YES_ERROR;
				CLANG_WARN_QUOTED_INCLUDE_IN_FRAMEWORK_HEADER = YES;
				CLANG_WARN_RANGE_LOOP_ANALYSIS = YES;
				CLANG_WARN_STRICT_PROTOTYPES = YES;
				CLANG_WARN_SUSPICIOUS_MOVE = YES;
				CLANG_WARN_UNGUARDED_AVAILABILITY = YES_AGGRESSIVE;
				CLANG_WARN_UNREACHABLE_CODE = YES;
				CLANG_WARN__DUPLICATE_METHOD_MATCH = YES;
				COPY_PHASE_STRIP = NO;
				DEBUG_INFORMATION_FORMAT = dwarf;
				ENABLE_STRICT_OBJC_MSGSEND = YES;
				ENABLE_TESTABILITY = YES;
				ENABLE_USER_SCRIPT_SANDBOXING = YES;
				GCC_C_LANGUAGE_STANDARD = gnu17;
				GCC_DYNAMIC_NO_PIC = NO;
				GCC_NO_COMMON_BLOCKS = YES;
				GCC_OPTIMIZATION_LEVEL = 0;
				GCC_PREPROCESSOR_DEFINITIONS = (
					"DEBUG=1",
					"$(inherited)",
				);
				GCC_WARN_64_TO_32_BIT_CONVERSION = YES;
				GCC_WARN_ABOUT_RETURN_TYPE = YES_ERROR;
				GCC_WARN_UNDECLARED_SELECTOR = YES;
				GCC_WARN_UNINITIALIZED_AUTOS = YES_AGGRESSIVE;
				GCC_WARN_UNUSED_FUNCTION = YES;
				GCC_WARN_UNUSED_VARIABLE = YES;
				IPHONEOS_DEPLOYMENT_TARGET = 17.2;
				LOCALIZATION_PREFERS_STRING_CATALOGS = YES;
				MTL_ENABLE_DEBUG_INFO = INCLUDE_SOURCE;
				MTL_FAST_MATH = YES;
				ONLY_ACTIVE_ARCH = YES;
				SDKROOT = iphoneos;
				SWIFT_ACTIVE_COMPILATION_CONDITIONS = "DEBUG $(inherited)";
				SWIFT_OPTIMIZATION_LEVEL = "-Onone";
			};
			name = Debug;
		};
		B56921B52B7BEBAA00298A4C /* Release */ = {
			isa = XCBuildConfiguration;
			buildSettings = {
				ALWAYS_SEARCH_USER_PATHS = NO;
				ASSETCATALOG_COMPILER_GENERATE_SWIFT_ASSET_SYMBOL_EXTENSIONS = YES;
				CLANG_ANALYZER_NONNULL = YES;
				CLANG_ANALYZER_NUMBER_OBJECT_CONVERSION = YES_AGGRESSIVE;
				CLANG_CXX_LANGUAGE_STANDARD = "gnu++20";
				CLANG_ENABLE_MODULES = YES;
				CLANG_ENABLE_OBJC_ARC = YES;
				CLANG_ENABLE_OBJC_WEAK = YES;
				CLANG_WARN_BLOCK_CAPTURE_AUTORELEASING = YES;
				CLANG_WARN_BOOL_CONVERSION = YES;
				CLANG_WARN_COMMA = YES;
				CLANG_WARN_CONSTANT_CONVERSION = YES;
				CLANG_WARN_DEPRECATED_OBJC_IMPLEMENTATIONS = YES;
				CLANG_WARN_DIRECT_OBJC_ISA_USAGE = YES_ERROR;
				CLANG_WARN_DOCUMENTATION_COMMENTS = YES;
				CLANG_WARN_EMPTY_BODY = YES;
				CLANG_WARN_ENUM_CONVERSION = YES;
				CLANG_WARN_INFINITE_RECURSION = YES;
				CLANG_WARN_INT_CONVERSION = YES;
				CLANG_WARN_NON_LITERAL_NULL_CONVERSION = YES;
				CLANG_WARN_OBJC_IMPLICIT_RETAIN_SELF = YES;
				CLANG_WARN_OBJC_LITERAL_CONVERSION = YES;
				CLANG_WARN_OBJC_ROOT_CLASS = YES_ERROR;
				CLANG_WARN_QUOTED_INCLUDE_IN_FRAMEWORK_HEADER = YES;
				CLANG_WARN_RANGE_LOOP_ANALYSIS = YES;
				CLANG_WARN_STRICT_PROTOTYPES = YES;
				CLANG_WARN_SUSPICIOUS_MOVE = YES;
				CLANG_WARN_UNGUARDED_AVAILABILITY = YES_AGGRESSIVE;
				CLANG_WARN_UNREACHABLE_CODE = YES;
				CLANG_WARN__DUPLICATE_METHOD_MATCH = YES;
				COPY_PHASE_STRIP = NO;
				DEBUG_INFORMATION_FORMAT = "dwarf-with-dsym";
				ENABLE_NS_ASSERTIONS = NO;
				ENABLE_STRICT_OBJC_MSGSEND = YES;
				ENABLE_USER_SCRIPT_SANDBOXING = YES;
				GCC_C_LANGUAGE_STANDARD = gnu17;
				GCC_NO_COMMON_BLOCKS = YES;
				GCC_WARN_64_TO_32_BIT_CONVERSION = YES;
				GCC_WARN_ABOUT_RETURN_TYPE = YES_ERROR;
				GCC_WARN_UNDECLARED_SELECTOR = YES;
				GCC_WARN_UNINITIALIZED_AUTOS = YES_AGGRESSIVE;
				GCC_WARN_UNUSED_FUNCTION = YES;
				GCC_WARN_UNUSED_VARIABLE = YES;
				IPHONEOS_DEPLOYMENT_TARGET = 17.2;
				LOCALIZATION_PREFERS_STRING_CATALOGS = YES;
				MTL_ENABLE_DEBUG_INFO = NO;
				MTL_FAST_MATH = YES;
				SDKROOT = iphoneos;
				SWIFT_COMPILATION_MODE = wholemodule;
				VALIDATE_PRODUCT = YES;
			};
			name = Release;
		};
		B56921B72B7BEBAA00298A4C /* Debug */ = {
			isa = XCBuildConfiguration;
			buildSettings = {
				ASSETCATALOG_COMPILER_APPICON_NAME = AppIcon;
				ASSETCATALOG_COMPILER_GLOBAL_ACCENT_COLOR_NAME = AccentColor;
				CODE_SIGN_STYLE = Automatic;
				CURRENT_PROJECT_VERSION = 1;
				DEVELOPMENT_ASSET_PATHS = "\"KelloggLibrary/Preview Content\"";
				DEVELOPMENT_TEAM = DD8G3E28HN;
				ENABLE_PREVIEWS = YES;
				GENERATE_INFOPLIST_FILE = YES;
				INFOPLIST_KEY_UIApplicationSceneManifest_Generation = YES;
				INFOPLIST_KEY_UIApplicationSupportsIndirectInputEvents = YES;
				INFOPLIST_KEY_UILaunchScreen_Generation = YES;
				INFOPLIST_KEY_UISupportedInterfaceOrientations_iPad = "UIInterfaceOrientationPortrait UIInterfaceOrientationPortraitUpsideDown UIInterfaceOrientationLandscapeLeft UIInterfaceOrientationLandscapeRight";
				INFOPLIST_KEY_UISupportedInterfaceOrientations_iPhone = "UIInterfaceOrientationPortrait UIInterfaceOrientationLandscapeLeft UIInterfaceOrientationLandscapeRight";
				LD_RUNPATH_SEARCH_PATHS = (
					"$(inherited)",
					"@executable_path/Frameworks",
				);
				MARKETING_VERSION = 1.0;
				PRODUCT_BUNDLE_IDENTIFIER = com.salmanburhan.KelloggLibrary;
				PRODUCT_NAME = "$(TARGET_NAME)";
				SWIFT_EMIT_LOC_STRINGS = YES;
				SWIFT_VERSION = 5.0;
				TARGETED_DEVICE_FAMILY = "1,2";
			};
			name = Debug;
		};
		B56921B82B7BEBAA00298A4C /* Release */ = {
			isa = XCBuildConfiguration;
			buildSettings = {
				ASSETCATALOG_COMPILER_APPICON_NAME = AppIcon;
				ASSETCATALOG_COMPILER_GLOBAL_ACCENT_COLOR_NAME = AccentColor;
				CODE_SIGN_STYLE = Automatic;
				CURRENT_PROJECT_VERSION = 1;
				DEVELOPMENT_ASSET_PATHS = "\"KelloggLibrary/Preview Content\"";
				DEVELOPMENT_TEAM = DD8G3E28HN;
				ENABLE_PREVIEWS = YES;
				GENERATE_INFOPLIST_FILE = YES;
				INFOPLIST_KEY_UIApplicationSceneManifest_Generation = YES;
				INFOPLIST_KEY_UIApplicationSupportsIndirectInputEvents = YES;
				INFOPLIST_KEY_UILaunchScreen_Generation = YES;
				INFOPLIST_KEY_UISupportedInterfaceOrientations_iPad = "UIInterfaceOrientationPortrait UIInterfaceOrientationPortraitUpsideDown UIInterfaceOrientationLandscapeLeft UIInterfaceOrientationLandscapeRight";
				INFOPLIST_KEY_UISupportedInterfaceOrientations_iPhone = "UIInterfaceOrientationPortrait UIInterfaceOrientationLandscapeLeft UIInterfaceOrientationLandscapeRight";
				LD_RUNPATH_SEARCH_PATHS = (
					"$(inherited)",
					"@executable_path/Frameworks",
				);
				MARKETING_VERSION = 1.0;
				PRODUCT_BUNDLE_IDENTIFIER = com.salmanburhan.KelloggLibrary;
				PRODUCT_NAME = "$(TARGET_NAME)";
				SWIFT_EMIT_LOC_STRINGS = YES;
				SWIFT_VERSION = 5.0;
				TARGETED_DEVICE_FAMILY = "1,2";
			};
			name = Release;
		};
/* End XCBuildConfiguration section */

/* Begin XCConfigurationList section */
		B56921A32B7BEBA800298A4C /* Build configuration list for PBXProject "KelloggLibrary" */ = {
			isa = XCConfigurationList;
			buildConfigurations = (
				B56921B42B7BEBAA00298A4C /* Debug */,
				B56921B52B7BEBAA00298A4C /* Release */,
			);
			defaultConfigurationIsVisible = 0;
			defaultConfigurationName = Release;
		};
		B56921B62B7BEBAA00298A4C /* Build configuration list for PBXNativeTarget "KelloggLibrary" */ = {
			isa = XCConfigurationList;
			buildConfigurations = (
				B56921B72B7BEBAA00298A4C /* Debug */,
				B56921B82B7BEBAA00298A4C /* Release */,
			);
			defaultConfigurationIsVisible = 0;
			defaultConfigurationName = Release;
		};
/* End XCConfigurationList section */
	};
	rootObject = B56921A02B7BEBA800298A4C /* Project object */;
}
